
Microsoft Visual Studio Solution File, Format Version 12.00
# Visual Studio Version 17
VisualStudioVersion = 17.7.34024.191
MinimumVisualStudioVersion = 10.0.40219.1
Project("{9A19103F-16F7-4668-BE54-9A1E7A4F7556}") = "PBRmats.Domain", "Core\PBRmats.Domain.csproj", "{7D074A81-33DF-4910-BFCD-7BD504D34B47}"
EndProject
Project("{9A19103F-16F7-4668-BE54-9A1E7A4F7556}") = "PBRmats.Web", "PBRmatsWeb\PBRmats.Web.csproj", "{51C4517B-5BB3-4805-BF66-F7A2EC369970}"
EndProject
Project("{9A19103F-16F7-4668-BE54-9A1E7A4F7556}") = "PBRmats.Persistence", "PBRmats.Repositories\PBRmats.Persistence.csproj", "{0C18FD03-0062-4597-B3E4-E9E6BEF4E9BC}"
EndProject
Project("{2150E333-8FDC-42A3-9474-1A3956D46DE8}") = "src", "src", "{5891C1A0-125D-4F76-865B-94716284E06F}"
EndProject
Project("{9A19103F-16F7-4668-BE54-9A1E7A4F7556}") = "PBRmats.Application", "PBRmats.UseCases\PBRmats.Application.csproj", "{C8C7947F-03E7-41D4-9703-256AD55BD585}"
EndProject
Project("{9A19103F-16F7-4668-BE54-9A1E7A4F7556}") = "PBRmats.BlazorWeb", "PBRmats.BlazorWeb\PBRmats.BlazorWeb.csproj", "{9EF1ABC9-A53B-4DE2-BAE7-DD77AE1DBB57}"
EndProject
Global
	GlobalSection(SolutionConfigurationPlatforms) = preSolution
		Debug|Any CPU = Debug|Any CPU
		Release|Any CPU = Release|Any CPU
	EndGlobalSection
	GlobalSection(ProjectConfigurationPlatforms) = postSolution
		{7D074A81-33DF-4910-BFCD-7BD504D34B47}.Debug|Any CPU.ActiveCfg = Debug|Any CPU
		{7D074A81-33DF-4910-BFCD-7BD504D34B47}.Debug|Any CPU.Build.0 = Debug|Any CPU
		{7D074A81-33DF-4910-BFCD-7BD504D34B47}.Release|Any CPU.ActiveCfg = Release|Any CPU
		{7D074A81-33DF-4910-BFCD-7BD504D34B47}.Release|Any CPU.Build.0 = Release|Any CPU
		{51C4517B-5BB3-4805-BF66-F7A2EC369970}.Debug|Any CPU.ActiveCfg = Debug|Any CPU
		{51C4517B-5BB3-4805-BF66-F7A2EC369970}.Debug|Any CPU.Build.0 = Debug|Any CPU
		{51C4517B-5BB3-4805-BF66-F7A2EC369970}.Release|Any CPU.ActiveCfg = Release|Any CPU
		{51C4517B-5BB3-4805-BF66-F7A2EC369970}.Release|Any CPU.Build.0 = Release|Any CPU
		{0C18FD03-0062-4597-B3E4-E9E6BEF4E9BC}.Debug|Any CPU.ActiveCfg = Debug|Any CPU
		{0C18FD03-0062-4597-B3E4-E9E6BEF4E9BC}.Debug|Any CPU.Build.0 = Debug|Any CPU
		{0C18FD03-0062-4597-B3E4-E9E6BEF4E9BC}.Release|Any CPU.ActiveCfg = Release|Any CPU
		{0C18FD03-0062-4597-B3E4-E9E6BEF4E9BC}.Release|Any CPU.Build.0 = Release|Any CPU
		{C8C7947F-03E7-41D4-9703-256AD55BD585}.Debug|Any CPU.ActiveCfg = Debug|Any CPU
		{C8C7947F-03E7-41D4-9703-256AD55BD585}.Debug|Any CPU.Build.0 = Debug|Any CPU
		{C8C7947F-03E7-41D4-9703-256AD55BD585}.Release|Any CPU.ActiveCfg = Release|Any CPU
		{C8C7947F-03E7-41D4-9703-256AD55BD585}.Release|Any CPU.Build.0 = Release|Any CPU
		{9EF1ABC9-A53B-4DE2-BAE7-DD77AE1DBB57}.Debug|Any CPU.ActiveCfg = Debug|Any CPU
		{9EF1ABC9-A53B-4DE2-BAE7-DD77AE1DBB57}.Debug|Any CPU.Build.0 = Debug|Any CPU
		{9EF1ABC9-A53B-4DE2-BAE7-DD77AE1DBB57}.Release|Any CPU.ActiveCfg = Release|Any CPU
		{9EF1ABC9-A53B-4DE2-BAE7-DD77AE1DBB57}.Release|Any CPU.Build.0 = Release|Any CPU
	EndGlobalSection
	GlobalSection(SolutionProperties) = preSolution
		HideSolutionNode = FALSE
	EndGlobalSection
	GlobalSection(NestedProjects) = preSolution
		{7D074A81-33DF-4910-BFCD-7BD504D34B47} = {5891C1A0-125D-4F76-865B-94716284E06F}
		{51C4517B-5BB3-4805-BF66-F7A2EC369970} = {5891C1A0-125D-4F76-865B-94716284E06F}
		{0C18FD03-0062-4597-B3E4-E9E6BEF4E9BC} = {5891C1A0-125D-4F76-865B-94716284E06F}
		{C8C7947F-03E7-41D4-9703-256AD55BD585} = {5891C1A0-125D-4F76-865B-94716284E06F}
		{9EF1ABC9-A53B-4DE2-BAE7-DD77AE1DBB57} = {5891C1A0-125D-4F76-865B-94716284E06F}
	EndGlobalSection
	GlobalSection(ExtensibilityGlobals) = postSolution
		SolutionGuid = {33797D67-B38C-44F3-A4B1-39D2BB356049}
	EndGlobalSection
EndGlobal
